{
  "name": "openride-shared",
  "version": "0.0.1",
  "lockfileVersion": 1,
  "requires": true,
  "dependencies": {
    "@types/bson": {
      "version": "1.0.11",
      "resolved": "https://registry.npmjs.org/@types/bson/-/bson-1.0.11.tgz",
      "integrity": "sha1-yVrWm7Cz9cM7S7bMhthsr7JzM1w=",
      "dev": true,
      "requires": {
        "@types/node": "10.7.1"
      }
    },
    "@types/events": {
      "version": "1.2.0",
      "resolved": "https://registry.npmjs.org/@types/events/-/events-1.2.0.tgz",
      "integrity": "sha1-gaZzHOTfQ2GeXIyUU4Oz5iqJ6oY="
    },
    "@types/geojson": {
      "version": "7946.0.4",
      "resolved": "https://registry.npmjs.org/@types/geojson/-/geojson-7946.0.4.tgz",
      "integrity": "sha1-TgSXVjg8PwVd2PPSTmP7VD6Y6wc=",
      "dev": true
    },
    "@types/mongodb": {
      "version": "3.1.4",
      "resolved": "https://registry.npmjs.org/@types/mongodb/-/mongodb-3.1.4.tgz",
      "integrity": "sha1-8PbcjVCVAMSoITI4Bmto8MjLJak=",
      "dev": true,
      "requires": {
        "@types/bson": "1.0.11",
        "@types/events": "1.2.0",
        "@types/node": "10.7.1"
      }
    },
    "@types/node": {
      "version": "10.7.1",
      "resolved": "https://registry.npmjs.org/@types/node/-/node-10.7.1.tgz",
      "integrity": "sha1-twTXwlmqQO4FLuxnh1imjQcTKi4="
    },
    "@types/redis": {
      "version": "2.8.6",
      "resolved": "https://registry.npmjs.org/@types/redis/-/redis-2.8.6.tgz",
      "integrity": "sha512-kaSI4XQwCfJtPiuyCXvLxCaw2N0fMZesdob3Jh01W20vNFct+3lfvJ/4yCJxbSopXOBOzpg+pGxkW6uWZrPZHA==",
      "requires": {
        "@types/events": "1.2.0",
        "@types/node": "10.7.1"
      }
    },
    "bson": {
      "version": "1.1.0",
      "resolved": "https://registry.npmjs.org/bson/-/bson-1.1.0.tgz",
      "integrity": "sha1-vuV9H7aodxNHGvTjK8rjbegUtbA="
    },
    "double-ended-queue": {
      "version": "2.1.0-0",
      "resolved": "https://registry.npmjs.org/double-ended-queue/-/double-ended-queue-2.1.0-0.tgz",
      "integrity": "sha1-ED01J/0xUo9AGIEwyEHv3XgmTlw=",
      "dev": true
    },
    "es6-promise": {
      "version": "4.2.4",
      "resolved": "https://registry.npmjs.org/es6-promise/-/es6-promise-4.2.4.tgz",
      "integrity": "sha1-3EIhwrFlGHYL2MOaUtjzVvwA7Sk="
    },
    "geojson": {
      "version": "0.5.0",
      "resolved": "https://registry.npmjs.org/geojson/-/geojson-0.5.0.tgz",
      "integrity": "sha1-PNbJY5m+ZbVu5VWWEW/pGRznAcA="
    },
    "moment": {
      "version": "2.22.2",
      "resolved": "https://registry.npmjs.org/moment/-/moment-2.22.2.tgz",
      "integrity": "sha1-PCV/mDn8DpP/UxSWMiOeuQeD/2Y="
    },
    "mongo": {
      "version": "0.1.0",
      "resolved": "https://registry.npmjs.org/mongo/-/mongo-0.1.0.tgz",
      "integrity": "sha1-yK8PjfmNSJS3crNzQph8O+zzcYw=",
      "requires": {
        "mongodb": "3.1.3"
      }
    },
    "mongodb": {
      "version": "3.1.3",
      "resolved": "https://registry.npmjs.org/mongodb/-/mongodb-3.1.3.tgz",
      "integrity": "sha1-dSPUONGQ6Ap1fFlH28Imdoy3sdU=",
      "requires": {
        "mongodb-core": "3.1.2"
      }
    },
    "mongodb-core": {
      "version": "3.1.2",
      "resolved": "https://registry.npmjs.org/mongodb-core/-/mongodb-core-3.1.2.tgz",
      "integrity": "sha1-yFBVomkaw2YZUeVXoNZIJ5atXEI=",
      "requires": {
        "bson": "1.1.0",
        "require_optional": "1.0.1",
        "saslprep": "1.0.1"
      }
    },
    "redis": {
      "version": "2.8.0",
      "resolved": "https://registry.npmjs.org/redis/-/redis-2.8.0.tgz",
      "integrity": "sha512-M1OkonEQwtRmZv4tEWF2VgpG0JWJ8Fv1PhlgT5+B+uNq2cA3Rt1Yt/ryoR+vQNOQcIEgdCdfH0jr3bDpihAw1A==",
      "dev": true,
      "requires": {
        "double-ended-queue": "2.1.0-0",
        "redis-commands": "1.3.5",
        "redis-parser": "2.6.0"
      }
    },
    "redis-commands": {
      "version": "1.3.5",
      "resolved": "https://registry.npmjs.org/redis-commands/-/redis-commands-1.3.5.tgz",
      "integrity": "sha512-foGF8u6MXGFF++1TZVC6icGXuMYPftKXt1FBT2vrfU9ZATNtZJ8duRC5d1lEfE8hyVe3jhelHGB91oB7I6qLsA==",
      "dev": true
    },
    "redis-parser": {
      "version": "2.6.0",
      "resolved": "https://registry.npmjs.org/redis-parser/-/redis-parser-2.6.0.tgz",
      "integrity": "sha1-Uu0J2srBCPGmMcB+m2mUHnoZUEs=",
      "dev": true
    },
    "require_optional": {
      "version": "1.0.1",
      "resolved": "https://registry.npmjs.org/require_optional/-/require_optional-1.0.1.tgz",
      "integrity": "sha1-TPNaQkf2TKPfjC7yCMxJSxyo/C4=",
      "requires": {
        "resolve-from": "2.0.0",
        "semver": "5.5.1"
      }
    },
    "resolve-from": {
      "version": "2.0.0",
      "resolved": "https://registry.npmjs.org/resolve-from/-/resolve-from-2.0.0.tgz",
      "integrity": "sha1-lICrIOlP+h2egKgEx+oUdhGWa1c="
    },
    "saslprep": {
      "version": "1.0.1",
      "resolved": "https://registry.npmjs.org/saslprep/-/saslprep-1.0.1.tgz",
      "integrity": "sha1-tkTguiWxVrZS88uQ33VC+JYEm6Y=",
      "optional": true
    },
    "semver": {
      "version": "5.5.1",
      "resolved": "https://registry.npmjs.org/semver/-/semver-5.5.1.tgz",
      "integrity": "sha1-ff3YgUvbfKvHvg+x1zTPtmyUBHc="
    }
  }
}
